<?xml version="1.0" encoding="utf-8"?>
<Project ToolsVersion="4.0" xmlns="http://schemas.microsoft.com/developer/msbuild/2003">
  <ItemGroup>
    <Filter Include="Source Files">
      <UniqueIdentifier>{4FC737F1-C7A5-4376-A066-2A32D752A2FF}</UniqueIdentifier>
      <Extensions>cpp;c;cc;cxx;c++;cppm;ixx;def;odl;idl;hpj;bat;asm;asmx</Extensions>
    </Filter>
    <Filter Include="Header Files">
      <UniqueIdentifier>{93995380-89BD-4b04-88EB-625FBE52EBFB}</UniqueIdentifier>
      <Extensions>h;hh;hpp;hxx;h++;hm;inl;inc;ipp;xsd</Extensions>
    </Filter>
    <Filter Include="Resource Files">
      <UniqueIdentifier>{67DA6AB6-F800-4c08-8B7A-83BB121AAD01}</UniqueIdentifier>
      <Extensions>rc;ico;cur;bmp;dlg;rc2;rct;bin;rgs;gif;jpg;jpeg;jpe;resx;tiff;tif;png;wav;mfcribbon-ms</Extensions>
    </Filter>
  </ItemGroup>
  <ItemGroup>
    <ClCompile Include="Source.cpp">
      <Filter>Source Files</Filter>
    </ClCompile>
    <ClCompile Include="cpprest-client\ApiClient.cpp">
      <Filter>Source Files</Filter>
    </ClCompile>
    <ClCompile Include="cpprest-client\ApiConfiguration.cpp">
      <Filter>Source Files</Filter>
    </ClCompile>
    <ClCompile Include="cpprest-client\ApiException.cpp">
      <Filter>Source Files</Filter>
    </ClCompile>
    <ClCompile Include="cpprest-client\Object.cpp">
      <Filter>Source Files</Filter>
    </ClCompile>
    <ClCompile Include="cpprest-client\model\Bad_request.cpp">
      <Filter>Source Files</Filter>
    </ClCompile>
    <ClCompile Include="cpprest-client\model\Error_limited.cpp">
      <Filter>Source Files</Filter>
    </ClCompile>
    <ClCompile Include="cpprest-client\model\Forbidden.cpp">
      <Filter>Source Files</Filter>
    </ClCompile>
    <ClCompile Include="cpprest-client\model\Gateway_timeout.cpp">
      <Filter>Source Files</Filter>
    </ClCompile>
    <ClCompile Include="cpprest-client\model\Internal_server_error.cpp">
      <Filter>Source Files</Filter>
    </ClCompile>
    <ClCompile Include="cpprest-client\model\Service_unavailable.cpp">
      <Filter>Source Files</Filter>
    </ClCompile>
    <ClCompile Include="cpprest-client\model\Unauthorized.cpp">
      <Filter>Source Files</Filter>
    </ClCompile>
    <ClCompile Include="cpprest-client\api\CharacterApi.cpp">
      <Filter>Source Files</Filter>
    </ClCompile>
    <ClCompile Include="cpprest-client\HttpContent.cpp">
      <Filter>Source Files</Filter>
    </ClCompile>
    <ClCompile Include="cpprest-client\JsonBody.cpp">
      <Filter>Source Files</Filter>
    </ClCompile>
    <ClCompile Include="cpprest-client\ModelBase.cpp">
      <Filter>Source Files</Filter>
    </ClCompile>
    <ClCompile Include="cpprest-client\MultipartFormData.cpp">
      <Filter>Source Files</Filter>
    </ClCompile>
    <ClCompile Include="cpprest-client\api\AssetsApi.cpp">
      <Filter>Source Files</Filter>
    </ClCompile>
    <ClCompile Include="cpprest-client\api\MarketApi.cpp">
      <Filter>Source Files</Filter>
    </ClCompile>
    <ClCompile Include="Interface.cpp">
      <Filter>Source Files</Filter>
    </ClCompile>
    <ClCompile Include="cpprest-client\api\UniverseApi.cpp">
      <Filter>Source Files</Filter>
    </ClCompile>
    <ClCompile Include="HelperClasses.cpp">
      <Filter>Source Files</Filter>
    </ClCompile>
  </ItemGroup>
  <ItemGroup>
    <ClInclude Include="cpprest-client\ApiClient.h">
      <Filter>Header Files</Filter>
    </ClInclude>
    <ClInclude Include="cpprest-client\ApiConfiguration.h">
      <Filter>Header Files</Filter>
    </ClInclude>
    <ClInclude Include="cpprest-client\ApiException.h">
      <Filter>Header Files</Filter>
    </ClInclude>
    <ClInclude Include="cpprest-client\Object.h">
      <Filter>Header Files</Filter>
    </ClInclude>
    <ClInclude Include="cpprest-client\model\Bad_request.h">
      <Filter>Header Files</Filter>
    </ClInclude>
    <ClInclude Include="cpprest-client\model\Error_limited.h">
      <Filter>Header Files</Filter>
    </ClInclude>
    <ClInclude Include="cpprest-client\model\Forbidden.h">
      <Filter>Header Files</Filter>
    </ClInclude>
    <ClInclude Include="cpprest-client\model\Gateway_timeout.h">
      <Filter>Header Files</Filter>
    </ClInclude>
    <ClInclude Include="cpprest-client\model\Internal_server_error.h">
      <Filter>Header Files</Filter>
    </ClInclude>
    <ClInclude Include="cpprest-client\model\Service_unavailable.h">
      <Filter>Header Files</Filter>
    </ClInclude>
    <ClInclude Include="cpprest-client\model\Unauthorized.h">
      <Filter>Header Files</Filter>
    </ClInclude>
    <ClInclude Include="cpprest-client\api\CharacterApi.h">
      <Filter>Header Files</Filter>
    </ClInclude>
    <ClInclude Include="cpprest-client\HttpContent.h">
      <Filter>Header Files</Filter>
    </ClInclude>
    <ClInclude Include="cpprest-client\IHttpBody.h">
      <Filter>Header Files</Filter>
    </ClInclude>
    <ClInclude Include="cpprest-client\JsonBody.h">
      <Filter>Header Files</Filter>
    </ClInclude>
    <ClInclude Include="cpprest-client\ModelBase.h">
      <Filter>Header Files</Filter>
    </ClInclude>
    <ClInclude Include="cpprest-client\MultipartFormData.h">
      <Filter>Header Files</Filter>
    </ClInclude>
    <ClInclude Include="cpprest-client\api\AssetsApi.h">
      <Filter>Header Files</Filter>
    </ClInclude>
    <ClInclude Include="cpprest-client\api\MarketApi.h">
      <Filter>Header Files</Filter>
    </ClInclude>
    <ClInclude Include="Interface.h">
      <Filter>Header Files</Filter>
    </ClInclude>
    <ClInclude Include="cpprest-client\api\UniverseApi.h">
      <Filter>Header Files</Filter>
    </ClInclude>
    <ClInclude Include="HelperClasses.h">
      <Filter>Header Files</Filter>
    </ClInclude>
  </ItemGroup>
</Project>